
Microsoft Visual Studio Solution File, Format Version 12.00
# Visual Studio 15
VisualStudioVersion = 15.0.27130.2010
MinimumVisualStudioVersion = 10.0.40219.1
Project("{00D1A9C2-B5F0-4AF3-8072-F6C62B433612}") = "SaatchiDataCapture.Database", "SaatchiDataCapture.Database\SaatchiDataCapture.Database.sqlproj", "{4BDBBA31-2C46-405F-AC46-A637BAA796BA}"
EndProject
Project("{9A19103F-16F7-4668-BE54-9A1E7A4F7556}") = "SaatchiDataCapture.FunctionApp", "SaatchiDataCapture.FunctionApp\SaatchiDataCapture.FunctionApp.csproj", "{A72D6AA3-FB08-4474-A17E-7DC9E46FDD19}"
EndProject
Project("{9A19103F-16F7-4668-BE54-9A1E7A4F7556}") = "SaatchiDataCapture.Logic", "SaatchiDataCapture.Logic\SaatchiDataCapture.Logic.csproj", "{70777C89-E1BA-4A81-B1A8-F81C319F9697}"
EndProject
Project("{9A19103F-16F7-4668-BE54-9A1E7A4F7556}") = "SaatchiDataCapture.Data", "SaatchiDataCapture.Data\SaatchiDataCapture.Data.csproj", "{F6C63241-E1C6-4EEE-BD60-23F19D0B2315}"
EndProject
Project("{FAE04EC0-301F-11D3-BF4B-00C04F79EFBC}") = "SaatchiDataCapture.Models", "SaatchiDataCapture.Models\SaatchiDataCapture.Models.csproj", "{4755F439-57F6-4C96-8121-4A0AB3DD801E}"
EndProject
Global
	GlobalSection(SolutionConfigurationPlatforms) = preSolution
		Debug|Any CPU = Debug|Any CPU
		Release|Any CPU = Release|Any CPU
	EndGlobalSection
	GlobalSection(ProjectConfigurationPlatforms) = postSolution
		{4BDBBA31-2C46-405F-AC46-A637BAA796BA}.Debug|Any CPU.ActiveCfg = Debug|Any CPU
		{4BDBBA31-2C46-405F-AC46-A637BAA796BA}.Debug|Any CPU.Build.0 = Debug|Any CPU
		{4BDBBA31-2C46-405F-AC46-A637BAA796BA}.Debug|Any CPU.Deploy.0 = Debug|Any CPU
		{4BDBBA31-2C46-405F-AC46-A637BAA796BA}.Release|Any CPU.ActiveCfg = Release|Any CPU
		{4BDBBA31-2C46-405F-AC46-A637BAA796BA}.Release|Any CPU.Build.0 = Release|Any CPU
		{4BDBBA31-2C46-405F-AC46-A637BAA796BA}.Release|Any CPU.Deploy.0 = Release|Any CPU
		{A72D6AA3-FB08-4474-A17E-7DC9E46FDD19}.Debug|Any CPU.ActiveCfg = Debug|Any CPU
		{A72D6AA3-FB08-4474-A17E-7DC9E46FDD19}.Debug|Any CPU.Build.0 = Debug|Any CPU
		{A72D6AA3-FB08-4474-A17E-7DC9E46FDD19}.Release|Any CPU.ActiveCfg = Release|Any CPU
		{A72D6AA3-FB08-4474-A17E-7DC9E46FDD19}.Release|Any CPU.Build.0 = Release|Any CPU
		{70777C89-E1BA-4A81-B1A8-F81C319F9697}.Debug|Any CPU.ActiveCfg = Debug|Any CPU
		{70777C89-E1BA-4A81-B1A8-F81C319F9697}.Debug|Any CPU.Build.0 = Debug|Any CPU
		{70777C89-E1BA-4A81-B1A8-F81C319F9697}.Release|Any CPU.ActiveCfg = Release|Any CPU
		{70777C89-E1BA-4A81-B1A8-F81C319F9697}.Release|Any CPU.Build.0 = Release|Any CPU
		{F6C63241-E1C6-4EEE-BD60-23F19D0B2315}.Debug|Any CPU.ActiveCfg = Debug|Any CPU
		{F6C63241-E1C6-4EEE-BD60-23F19D0B2315}.Debug|Any CPU.Build.0 = Debug|Any CPU
		{F6C63241-E1C6-4EEE-BD60-23F19D0B2315}.Release|Any CPU.ActiveCfg = Release|Any CPU
		{F6C63241-E1C6-4EEE-BD60-23F19D0B2315}.Release|Any CPU.Build.0 = Release|Any CPU
		{4755F439-57F6-4C96-8121-4A0AB3DD801E}.Debug|Any CPU.ActiveCfg = Debug|Any CPU
		{4755F439-57F6-4C96-8121-4A0AB3DD801E}.Debug|Any CPU.Build.0 = Debug|Any CPU
		{4755F439-57F6-4C96-8121-4A0AB3DD801E}.Release|Any CPU.ActiveCfg = Release|Any CPU
		{4755F439-57F6-4C96-8121-4A0AB3DD801E}.Release|Any CPU.Build.0 = Release|Any CPU
	EndGlobalSection
	GlobalSection(SolutionProperties) = preSolution
		HideSolutionNode = FALSE
	EndGlobalSection
	GlobalSection(ExtensibilityGlobals) = postSolution
		SolutionGuid = {C8006ECE-F671-46A4-B7CD-F77C9BAD54B6}
	EndGlobalSection
EndGlobal
